// !$*UTF8*$!
{
	archiveVersion = 1;
	classes = {
	};
	objectVersion = 46;
	objects = {

/* Begin PBXBuildFile section */
		6DF117E25A969EE174ACDECB /* libPods.a in Frameworks */ = {isa = PBXBuildFile; fileRef = 6CC6AEB02314E8D590719986 /* libPods.a */; };
		A05935161C4FDDC300135575 /* main.m in Sources */ = {isa = PBXBuildFile; fileRef = A05935151C4FDDC300135575 /* main.m */; };
		A05935191C4FDDC300135575 /* AppDelegate.m in Sources */ = {isa = PBXBuildFile; fileRef = A05935181C4FDDC300135575 /* AppDelegate.m */; };
		A059351F1C4FDDC300135575 /* Main.storyboard in Resources */ = {isa = PBXBuildFile; fileRef = A059351D1C4FDDC300135575 /* Main.storyboard */; };
		A05935211C4FDDC300135575 /* Assets.xcassets in Resources */ = {isa = PBXBuildFile; fileRef = A05935201C4FDDC300135575 /* Assets.xcassets */; };
		A05935241C4FDDC300135575 /* LaunchScreen.storyboard in Resources */ = {isa = PBXBuildFile; fileRef = A05935221C4FDDC300135575 /* LaunchScreen.storyboard */; };
		A059352D1C4FDE7100135575 /* MOVHomeTableViewController.m in Sources */ = {isa = PBXBuildFile; fileRef = A059352C1C4FDE7100135575 /* MOVHomeTableViewController.m */; };
		A05935331C4FE22300135575 /* MOVCollectionViewCell.m in Sources */ = {isa = PBXBuildFile; fileRef = A05935321C4FE22300135575 /* MOVCollectionViewCell.m */; };
		A05935361C4FE47E00135575 /* MOVHomeTableViewCell.m in Sources */ = {isa = PBXBuildFile; fileRef = A05935351C4FE47E00135575 /* MOVHomeTableViewCell.m */; };
		A059353F1C5116CF00135575 /* MOVMovie.m in Sources */ = {isa = PBXBuildFile; fileRef = A059353E1C5116CF00135575 /* MOVMovie.m */; };
		A0EC8A9E1C54F18300EA77F4 /* MOVTVShow.m in Sources */ = {isa = PBXBuildFile; fileRef = A0EC8A9D1C54F18300EA77F4 /* MOVTVShow.m */; };
		A0EC8AAA1C5551D000EA77F4 /* movies.png in Resources */ = {isa = PBXBuildFile; fileRef = A0EC8AA71C5551D000EA77F4 /* movies.png */; };
		A0EC8AAB1C5551D000EA77F4 /* account.png in Resources */ = {isa = PBXBuildFile; fileRef = A0EC8AA81C5551D000EA77F4 /* account.png */; };
		A0EC8AAC1C5551D000EA77F4 /* favorites.png in Resources */ = {isa = PBXBuildFile; fileRef = A0EC8AA91C5551D000EA77F4 /* favorites.png */; };
		A0EC8AAF1C556FBC00EA77F4 /* MOVMovieDetailsViewController.m in Sources */ = {isa = PBXBuildFile; fileRef = A0EC8AAE1C556FBC00EA77F4 /* MOVMovieDetailsViewController.m */; };
/* End PBXBuildFile section */

/* Begin PBXFileReference section */
		6B7B168CBB829FCCDBBCF53F /* Pods.release.xcconfig */ = {isa = PBXFileReference; includeInIndex = 1; lastKnownFileType = text.xcconfig; name = Pods.release.xcconfig; path = "Pods/Target Support Files/Pods/Pods.release.xcconfig"; sourceTree = "<group>"; };
		6CC6AEB02314E8D590719986 /* libPods.a */ = {isa = PBXFileReference; explicitFileType = archive.ar; includeInIndex = 0; path = libPods.a; sourceTree = BUILT_PRODUCTS_DIR; };
		A05935111C4FDDC300135575 /* MovieApp.app */ = {isa = PBXFileReference; explicitFileType = wrapper.application; includeInIndex = 0; path = MovieApp.app; sourceTree = BUILT_PRODUCTS_DIR; };
		A05935151C4FDDC300135575 /* main.m */ = {isa = PBXFileReference; lastKnownFileType = sourcecode.c.objc; path = main.m; sourceTree = "<group>"; };
		A05935171C4FDDC300135575 /* AppDelegate.h */ = {isa = PBXFileReference; lastKnownFileType = sourcecode.c.h; path = AppDelegate.h; sourceTree = "<group>"; };
		A05935181C4FDDC300135575 /* AppDelegate.m */ = {isa = PBXFileReference; lastKnownFileType = sourcecode.c.objc; path = AppDelegate.m; sourceTree = "<group>"; };
		A059351E1C4FDDC300135575 /* Base */ = {isa = PBXFileReference; lastKnownFileType = file.storyboard; name = Base; path = Base.lproj/Main.storyboard; sourceTree = "<group>"; };
		A05935201C4FDDC300135575 /* Assets.xcassets */ = {isa = PBXFileReference; lastKnownFileType = folder.assetcatalog; path = Assets.xcassets; sourceTree = "<group>"; };
		A05935231C4FDDC300135575 /* Base */ = {isa = PBXFileReference; lastKnownFileType = file.storyboard; name = Base; path = Base.lproj/LaunchScreen.storyboard; sourceTree = "<group>"; };
		A05935251C4FDDC300135575 /* Info.plist */ = {isa = PBXFileReference; lastKnownFileType = text.plist.xml; path = Info.plist; sourceTree = "<group>"; };
		A059352B1C4FDE7100135575 /* MOVHomeTableViewController.h */ = {isa = PBXFileReference; fileEncoding = 4; lastKnownFileType = sourcecode.c.h; path = MOVHomeTableViewController.h; sourceTree = "<group>"; };
		A059352C1C4FDE7100135575 /* MOVHomeTableViewController.m */ = {isa = PBXFileReference; fileEncoding = 4; lastKnownFileType = sourcecode.c.objc; path = MOVHomeTableViewController.m; sourceTree = "<group>"; };
		A05935311C4FE22300135575 /* MOVCollectionViewCell.h */ = {isa = PBXFileReference; fileEncoding = 4; lastKnownFileType = sourcecode.c.h; path = MOVCollectionViewCell.h; sourceTree = "<group>"; };
		A05935321C4FE22300135575 /* MOVCollectionViewCell.m */ = {isa = PBXFileReference; fileEncoding = 4; lastKnownFileType = sourcecode.c.objc; path = MOVCollectionViewCell.m; sourceTree = "<group>"; };
		A05935341C4FE47E00135575 /* MOVHomeTableViewCell.h */ = {isa = PBXFileReference; fileEncoding = 4; lastKnownFileType = sourcecode.c.h; path = MOVHomeTableViewCell.h; sourceTree = "<group>"; };
		A05935351C4FE47E00135575 /* MOVHomeTableViewCell.m */ = {isa = PBXFileReference; fileEncoding = 4; lastKnownFileType = sourcecode.c.objc; path = MOVHomeTableViewCell.m; sourceTree = "<group>"; };
		A059353D1C5116CF00135575 /* MOVMovie.h */ = {isa = PBXFileReference; fileEncoding = 4; lastKnownFileType = sourcecode.c.h; path = MOVMovie.h; sourceTree = "<group>"; };
		A059353E1C5116CF00135575 /* MOVMovie.m */ = {isa = PBXFileReference; fileEncoding = 4; lastKnownFileType = sourcecode.c.objc; path = MOVMovie.m; sourceTree = "<group>"; };
		A0EC8A9C1C54F18300EA77F4 /* MOVTVShow.h */ = {isa = PBXFileReference; fileEncoding = 4; lastKnownFileType = sourcecode.c.h; path = MOVTVShow.h; sourceTree = "<group>"; };
		A0EC8A9D1C54F18300EA77F4 /* MOVTVShow.m */ = {isa = PBXFileReference; fileEncoding = 4; lastKnownFileType = sourcecode.c.objc; path = MOVTVShow.m; sourceTree = "<group>"; };
		A0EC8AA71C5551D000EA77F4 /* movies.png */ = {isa = PBXFileReference; lastKnownFileType = image.png; path = movies.png; sourceTree = "<group>"; };
		A0EC8AA81C5551D000EA77F4 /* account.png */ = {isa = PBXFileReference; lastKnownFileType = image.png; path = account.png; sourceTree = "<group>"; };
		A0EC8AA91C5551D000EA77F4 /* favorites.png */ = {isa = PBXFileReference; lastKnownFileType = image.png; path = favorites.png; sourceTree = "<group>"; };
		A0EC8AAD1C556FBC00EA77F4 /* MOVMovieDetailsViewController.h */ = {isa = PBXFileReference; fileEncoding = 4; lastKnownFileType = sourcecode.c.h; path = MOVMovieDetailsViewController.h; sourceTree = "<group>"; };
		A0EC8AAE1C556FBC00EA77F4 /* MOVMovieDetailsViewController.m */ = {isa = PBXFileReference; fileEncoding = 4; lastKnownFileType = sourcecode.c.objc; path = MOVMovieDetailsViewController.m; sourceTree = "<group>"; };
		BB6730FFB68930CD780B1AD8 /* Pods.debug.xcconfig */ = {isa = PBXFileReference; includeInIndex = 1; lastKnownFileType = text.xcconfig; name = Pods.debug.xcconfig; path = "Pods/Target Support Files/Pods/Pods.debug.xcconfig"; sourceTree = "<group>"; };
/* End PBXFileReference section */

/* Begin PBXFrameworksBuildPhase section */
		A059350E1C4FDDC300135575 /* Frameworks */ = {
			isa = PBXFrameworksBuildPhase;
			buildActionMask = 2147483647;
			files = (
				6DF117E25A969EE174ACDECB /* libPods.a in Frameworks */,
			);
			runOnlyForDeploymentPostprocessing = 0;
		};
/* End PBXFrameworksBuildPhase section */

/* Begin PBXGroup section */
		8EA4697D3453783306463552 /* Pods */ = {
			isa = PBXGroup;
			children = (
				BB6730FFB68930CD780B1AD8 /* Pods.debug.xcconfig */,
				6B7B168CBB829FCCDBBCF53F /* Pods.release.xcconfig */,
			);
			name = Pods;
			sourceTree = "<group>";
		};
		9618AFB03547B6E04019F57C /* Frameworks */ = {
			isa = PBXGroup;
			children = (
				6CC6AEB02314E8D590719986 /* libPods.a */,
			);
			name = Frameworks;
			sourceTree = "<group>";
		};
		A05935081C4FDDC300135575 = {
			isa = PBXGroup;
			children = (
				A05935131C4FDDC300135575 /* MovieApp */,
				A05935121C4FDDC300135575 /* Products */,
				8EA4697D3453783306463552 /* Pods */,
				9618AFB03547B6E04019F57C /* Frameworks */,
			);
			sourceTree = "<group>";
		};
		A05935121C4FDDC300135575 /* Products */ = {
			isa = PBXGroup;
			children = (
				A05935111C4FDDC300135575 /* MovieApp.app */,
			);
			name = Products;
			sourceTree = "<group>";
		};
		A05935131C4FDDC300135575 /* MovieApp */ = {
			isa = PBXGroup;
			children = (
				A05935171C4FDDC300135575 /* AppDelegate.h */,
				A05935181C4FDDC300135575 /* AppDelegate.m */,
				A059351D1C4FDDC300135575 /* Main.storyboard */,
				A05935201C4FDDC300135575 /* Assets.xcassets */,
				A05935221C4FDDC300135575 /* LaunchScreen.storyboard */,
				A05935251C4FDDC300135575 /* Info.plist */,
				A059352B1C4FDE7100135575 /* MOVHomeTableViewController.h */,
				A059352C1C4FDE7100135575 /* MOVHomeTableViewController.m */,
				A05935341C4FE47E00135575 /* MOVHomeTableViewCell.h */,
				A05935351C4FE47E00135575 /* MOVHomeTableViewCell.m */,
				A05935311C4FE22300135575 /* MOVCollectionViewCell.h */,
				A05935321C4FE22300135575 /* MOVCollectionViewCell.m */,
				A05935141C4FDDC300135575 /* Supporting Files */,
				A059353D1C5116CF00135575 /* MOVMovie.h */,
				A059353E1C5116CF00135575 /* MOVMovie.m */,
				A0EC8A9C1C54F18300EA77F4 /* MOVTVShow.h */,
				A0EC8A9D1C54F18300EA77F4 /* MOVTVShow.m */,
				A0EC8AAD1C556FBC00EA77F4 /* MOVMovieDetailsViewController.h */,
				A0EC8AAE1C556FBC00EA77F4 /* MOVMovieDetailsViewController.m */,
			);
			path = MovieApp;
			sourceTree = "<group>";
		};
		A05935141C4FDDC300135575 /* Supporting Files */ = {
			isa = PBXGroup;
			children = (
				A0EC8AA71C5551D000EA77F4 /* movies.png */,
				A0EC8AA81C5551D000EA77F4 /* account.png */,
				A0EC8AA91C5551D000EA77F4 /* favorites.png */,
				A05935151C4FDDC300135575 /* main.m */,
			);
			name = "Supporting Files";
			sourceTree = "<group>";
		};
/* End PBXGroup section */

/* Begin PBXNativeTarget section */
		A05935101C4FDDC300135575 /* MovieApp */ = {
			isa = PBXNativeTarget;
			buildConfigurationList = A05935281C4FDDC300135575 /* Build configuration list for PBXNativeTarget "MovieApp" */;
			buildPhases = (
				A8A103F1658561C71806602D /* Check Pods Manifest.lock */,
				A059350D1C4FDDC300135575 /* Sources */,
				A059350E1C4FDDC300135575 /* Frameworks */,
				A059350F1C4FDDC300135575 /* Resources */,
				C5C49D309773E4B0A0A71DC3 /* Embed Pods Frameworks */,
				BD26A5E4E3AF456DF44AF3ED /* Copy Pods Resources */,
			);
			buildRules = (
			);
			dependencies = (
			);
			name = MovieApp;
			productName = MovieApp;
			productReference = A05935111C4FDDC300135575 /* MovieApp.app */;
			productType = "com.apple.product-type.application";
		};
/* End PBXNativeTarget section */

/* Begin PBXProject section */
		A05935091C4FDDC300135575 /* Project object */ = {
			isa = PBXProject;
			attributes = {
				LastUpgradeCheck = 0720;
				ORGANIZATIONNAME = "Adis Cehajic";
				TargetAttributes = {
					A05935101C4FDDC300135575 = {
						CreatedOnToolsVersion = 7.2;
					};
				};
			};
			buildConfigurationList = A059350C1C4FDDC300135575 /* Build configuration list for PBXProject "MovieApp" */;
			compatibilityVersion = "Xcode 3.2";
			developmentRegion = English;
			hasScannedForEncodings = 0;
			knownRegions = (
				en,
				Base,
			);
			mainGroup = A05935081C4FDDC300135575;
			productRefGroup = A05935121C4FDDC300135575 /* Products */;
			projectDirPath = "";
			projectRoot = "";
			targets = (
				A05935101C4FDDC300135575 /* MovieApp */,
			);
		};
/* End PBXProject section */

/* Begin PBXResourcesBuildPhase section */
		A059350F1C4FDDC300135575 /* Resources */ = {
			isa = PBXResourcesBuildPhase;
			buildActionMask = 2147483647;
			files = (
				A0EC8AAA1C5551D000EA77F4 /* movies.png in Resources */,
				A0EC8AAC1C5551D000EA77F4 /* favorites.png in Resources */,
				A0EC8AAB1C5551D000EA77F4 /* account.png in Resources */,
				A05935241C4FDDC300135575 /* LaunchScreen.storyboard in Resources */,
				A05935211C4FDDC300135575 /* Assets.xcassets in Resources */,
				A059351F1C4FDDC300135575 /* Main.storyboard in Resources */,
			);
			runOnlyForDeploymentPostprocessing = 0;
		};
/* End PBXResourcesBuildPhase section */

/* Begin PBXShellScriptBuildPhase section */
		A8A103F1658561C71806602D /* Check Pods Manifest.lock */ = {
			isa = PBXShellScriptBuildPhase;
			buildActionMask = 2147483647;
			files = (
			);
			inputPaths = (
			);
			name = "Check Pods Manifest.lock";
			outputPaths = (
			);
			runOnlyForDeploymentPostprocessing = 0;
			shellPath = /bin/sh;
			shellScript = "diff \"${PODS_ROOT}/../Podfile.lock\" \"${PODS_ROOT}/Manifest.lock\" > /dev/null\nif [[ $? != 0 ]] ; then\n    cat << EOM\nerror: The sandbox is not in sync with the Podfile.lock. Run 'pod install' or update your CocoaPods installation.\nEOM\n    exit 1\nfi\n";
			showEnvVarsInLog = 0;
		};
		BD26A5E4E3AF456DF44AF3ED /* Copy Pods Resources */ = {
			isa = PBXShellScriptBuildPhase;
			buildActionMask = 2147483647;
			files = (
			);
			inputPaths = (
			);
			name = "Copy Pods Resources";
			outputPaths = (
			);
			runOnlyForDeploymentPostprocessing = 0;
			shellPath = /bin/sh;
			shellScript = "\"${SRCROOT}/Pods/Target Support Files/Pods/Pods-resources.sh\"\n";
			showEnvVarsInLog = 0;
		};
		C5C49D309773E4B0A0A71DC3 /* Embed Pods Frameworks */ = {
			isa = PBXShellScriptBuildPhase;
			buildActionMask = 2147483647;
			files = (
			);
			inputPaths = (
			);
			name = "Embed Pods Frameworks";
			outputPaths = (
			);
			runOnlyForDeploymentPostprocessing = 0;
			shellPath = /bin/sh;
			shellScript = "\"${SRCROOT}/Pods/Target Support Files/Pods/Pods-frameworks.sh\"\n";
			showEnvVarsInLog = 0;
		};
/* End PBXShellScriptBuildPhase section */

/* Begin PBXSourcesBuildPhase section */
		A059350D1C4FDDC300135575 /* Sources */ = {
			isa = PBXSourcesBuildPhase;
			buildActionMask = 2147483647;
			files = (
				A059353F1C5116CF00135575 /* MOVMovie.m in Sources */,
				A05935191C4FDDC300135575 /* AppDelegate.m in Sources */,
				A0EC8A9E1C54F18300EA77F4 /* MOVTVShow.m in Sources */,
				A0EC8AAF1C556FBC00EA77F4 /* MOVMovieDetailsViewController.m in Sources */,
				A059352D1C4FDE7100135575 /* MOVHomeTableViewController.m in Sources */,
				A05935161C4FDDC300135575 /* main.m in Sources */,
				A05935331C4FE22300135575 /* MOVCollectionViewCell.m in Sources */,
				A05935361C4FE47E00135575 /* MOVHomeTableViewCell.m in Sources */,
			);
			runOnlyForDeploymentPostprocessing = 0;
		};
/* End PBXSourcesBuildPhase section */

/* Begin PBXVariantGroup section */
		A059351D1C4FDDC300135575 /* Main.storyboard */ = {
			isa = PBXVariantGroup;
			children = (
				A059351E1C4FDDC300135575 /* Base */,
			);
			name = Main.storyboard;
			sourceTree = "<group>";
		};
		A05935221C4FDDC300135575 /* LaunchScreen.storyboard */ = {
			isa = PBXVariantGroup;
			children = (
				A05935231C4FDDC300135575 /* Base */,
			);
			name = LaunchScreen.storyboard;
			sourceTree = "<group>";
		};
/* End PBXVariantGroup section */

/* Begin XCBuildConfiguration section */
		A05935261C4FDDC300135575 /* Debug */ = {
			isa = XCBuildConfiguration;
			buildSettings = {
				ALWAYS_SEARCH_USER_PATHS = NO;
				CLANG_CXX_LANGUAGE_STANDARD = "gnu++0x";
				CLANG_CXX_LIBRARY = "libc++";
				CLANG_ENABLE_MODULES = YES;
				CLANG_ENABLE_OBJC_ARC = YES;
				CLANG_WARN_BOOL_CONVERSION = YES;
				CLANG_WARN_CONSTANT_CONVERSION = YES;
				CLANG_WARN_DIRECT_OBJC_ISA_USAGE = YES_ERROR;
				CLANG_WARN_EMPTY_BODY = YES;
				CLANG_WARN_ENUM_CONVERSION = YES;
				CLANG_WARN_INT_CONVERSION = YES;
				CLANG_WARN_OBJC_ROOT_CLASS = YES_ERROR;
				CLANG_WARN_UNREACHABLE_CODE = YES;
				CLANG_WARN__DUPLICATE_METHOD_MATCH = YES;
				"CODE_SIGN_IDENTITY[sdk=iphoneos*]" = "iPhone Developer";
				COPY_PHASE_STRIP = NO;
				DEBUG_INFORMATION_FORMAT = dwarf;
				ENABLE_STRICT_OBJC_MSGSEND = YES;
				ENABLE_TESTABILITY = YES;
				GCC_C_LANGUAGE_STANDARD = gnu99;
				GCC_DYNAMIC_NO_PIC = NO;
				GCC_NO_COMMON_BLOCKS = YES;
				GCC_OPTIMIZATION_LEVEL = 0;
				GCC_PREPROCESSOR_DEFINITIONS = (
					"DEBUG=1",
					"$(inherited)",
				);
				GCC_WARN_64_TO_32_BIT_CONVERSION = YES;
				GCC_WARN_ABOUT_RETURN_TYPE = YES_ERROR;
				GCC_WARN_UNDECLARED_SELECTOR = YES;
				GCC_WARN_UNINITIALIZED_AUTOS = YES_AGGRESSIVE;
				GCC_WARN_UNUSED_FUNCTION = YES;
				GCC_WARN_UNUSED_VARIABLE = YES;
				IPHONEOS_DEPLOYMENT_TARGET = 9.2;
				MTL_ENABLE_DEBUG_INFO = YES;
				ONLY_ACTIVE_ARCH = YES;
				SDKROOT = iphoneos;
			};
			name = Debug;
		};
		A05935271C4FDDC300135575 /* Release */ = {
			isa = XCBuildConfiguration;
			buildSettings = {
				ALWAYS_SEARCH_USER_PATHS = NO;
				CLANG_CXX_LANGUAGE_STANDARD = "gnu++0x";
				CLANG_CXX_LIBRARY = "libc++";
				CLANG_ENABLE_MODULES = YES;
				CLANG_ENABLE_OBJC_ARC = YES;
				CLANG_WARN_BOOL_CONVERSION = YES;
				CLANG_WARN_CONSTANT_CONVERSION = YES;
				CLANG_WARN_DIRECT_OBJC_ISA_USAGE = YES_ERROR;
				CLANG_WARN_EMPTY_BODY = YES;
				CLANG_WARN_ENUM_CONVERSION = YES;
				CLANG_WARN_INT_CONVERSION = YES;
				CLANG_WARN_OBJC_ROOT_CLASS = YES_ERROR;
				CLANG_WARN_UNREACHABLE_CODE = YES;
				CLANG_WARN__DUPLICATE_METHOD_MATCH = YES;
				"CODE_SIGN_IDENTITY[sdk=iphoneos*]" = "iPhone Developer";
				COPY_PHASE_STRIP = NO;
				DEBUG_INFORMATION_FORMAT = "dwarf-with-dsym";
				ENABLE_NS_ASSERTIONS = NO;
				ENABLE_STRICT_OBJC_MSGSEND = YES;
				GCC_C_LANGUAGE_STANDARD = gnu99;
				GCC_NO_COMMON_BLOCKS = YES;
				GCC_WARN_64_TO_32_BIT_CONVERSION = YES;
				GCC_WARN_ABOUT_RETURN_TYPE = YES_ERROR;
				GCC_WARN_UNDECLARED_SELECTOR = YES;
				GCC_WARN_UNINITIALIZED_AUTOS = YES_AGGRESSIVE;
				GCC_WARN_UNUSED_FUNCTION = YES;
				GCC_WARN_UNUSED_VARIABLE = YES;
				IPHONEOS_DEPLOYMENT_TARGET = 9.2;
				MTL_ENABLE_DEBUG_INFO = NO;
				SDKROOT = iphoneos;
				VALIDATE_PRODUCT = YES;
			};
			name = Release;
		};
		A05935291C4FDDC300135575 /* Debug */ = {
			isa = XCBuildConfiguration;
			baseConfigurationReference = BB6730FFB68930CD780B1AD8 /* Pods.debug.xcconfig */;
			buildSettings = {
				ASSETCATALOG_COMPILER_APPICON_NAME = AppIcon;
				HEADER_SEARCH_PATHS = (
					"$(inherited)/**",
					"\"${PODS_ROOT}/Headers/Public\"/**",
					"\"${PODS_ROOT}/Headers/Public/AFNetworking\"/**",
					"\"${PODS_ROOT}/Headers/Public/ISO8601DateFormatterValueTransformer\"/**",
					"\"${PODS_ROOT}/Headers/Public/RKValueTransformers\"/**",
					"\"${PODS_ROOT}/Headers/Public/RestKit\"/**",
					"\"${PODS_ROOT}/Headers/Public/SOCKit\"/**",
					"\"${PODS_ROOT}/Headers/Public/TransitionKit\"/**",
				);
				INFOPLIST_FILE = MovieApp/Info.plist;
				IPHONEOS_DEPLOYMENT_TARGET = 8.0;
				LD_QUOTE_LINKER_ARGUMENTS_FOR_COMPILER_DRIVER = YES;
				LD_RUNPATH_SEARCH_PATHS = "$(inherited) @executable_path/Frameworks";
				LINK_WITH_STANDARD_LIBRARIES = YES;
				OTHER_LDFLAGS = (
					"$(inherited)",
					"-ObjC",
					"-l\"ISO8601DateFormatterValueTransformer\"",
					"-l\"RKValueTransformers\"",
					"-l\"RestKit\"",
					"-l\"SOCKit\"",
					"-l\"TransitionKit\"",
					"-framework",
					"\"CFNetwork\"",
					"-framework",
					"\"CoreData\"",
					"-framework",
					"\"CoreGraphics\"",
					"-framework",
					"\"MobileCoreServices\"",
					"-framework",
					"\"Security\"",
					"-framework",
					"\"SystemConfiguration\"",
				);
				PRODUCT_BUNDLE_IDENTIFIER = com.adiscehajic.MovieApp;
				PRODUCT_NAME = "$(TARGET_NAME)";
			};
			name = Debug;
		};
		A059352A1C4FDDC300135575 /* Release */ = {
			isa = XCBuildConfiguration;
			baseConfigurationReference = 6B7B168CBB829FCCDBBCF53F /* Pods.release.xcconfig */;
			buildSettings = {
				ASSETCATALOG_COMPILER_APPICON_NAME = AppIcon;
				HEADER_SEARCH_PATHS = (
					"$(inherited)/**",
					"\"${PODS_ROOT}/Headers/Public\"/**",
					"\"${PODS_ROOT}/Headers/Public/AFNetworking\"/**",
					"\"${PODS_ROOT}/Headers/Public/ISO8601DateFormatterValueTransformer\"/**",
					"\"${PODS_ROOT}/Headers/Public/RKValueTransformers\"/**",
					"\"${PODS_ROOT}/Headers/Public/RestKit\"/**",
					"\"${PODS_ROOT}/Headers/Public/SOCKit\"/**",
					"\"${PODS_ROOT}/Headers/Public/TransitionKit\"/**",
				);
				INFOPLIST_FILE = MovieApp/Info.plist;
				IPHONEOS_DEPLOYMENT_TARGET = 8.0;
				LD_QUOTE_LINKER_ARGUMENTS_FOR_COMPILER_DRIVER = YES;
				LD_RUNPATH_SEARCH_PATHS = "$(inherited) @executable_path/Frameworks";
				LINK_WITH_STANDARD_LIBRARIES = YES;
				OTHER_LDFLAGS = (
					"$(inherited)",
					"-ObjC",
					"-l\"ISO8601DateFormatterValueTransformer\"",
					"-l\"RKValueTransformers\"",
					"-l\"RestKit\"",
					"-l\"SOCKit\"",
					"-l\"TransitionKit\"",
					"-framework",
					"\"CFNetwork\"",
					"-framework",
					"\"CoreData\"",
					"-framework",
					"\"CoreGraphics\"",
					"-framework",
					"\"MobileCoreServices\"",
					"-framework",
					"\"Security\"",
					"-framework",
					"\"SystemConfiguration\"",
				);
				PRODUCT_BUNDLE_IDENTIFIER = com.adiscehajic.MovieApp;
				PRODUCT_NAME = "$(TARGET_NAME)";
			};
			name = Release;
		};
/* End XCBuildConfiguration section */

/* Begin XCConfigurationList section */
		A059350C1C4FDDC300135575 /* Build configuration list for PBXProject "MovieApp" */ = {
			isa = XCConfigurationList;
			buildConfigurations = (
				A05935261C4FDDC300135575 /* Debug */,
				A05935271C4FDDC300135575 /* Release */,
			);
			defaultConfigurationIsVisible = 0;
			defaultConfigurationName = Release;
		};
		A05935281C4FDDC300135575 /* Build configuration list for PBXNativeTarget "MovieApp" */ = {
			isa = XCConfigurationList;
			buildConfigurations = (
				A05935291C4FDDC300135575 /* Debug */,
				A059352A1C4FDDC300135575 /* Release */,
			);
			defaultConfigurationIsVisible = 0;
			defaultConfigurationName = Release;
		};
/* End XCConfigurationList section */
	};
	rootObject = A05935091C4FDDC300135575 /* Project object */;
}
