// !$*UTF8*$!
{
	archiveVersion = 1;
	classes = {
	};
	objectVersion = 46;
	objects = {

/* Begin PBXBuildFile section */
		A05935161C4FDDC300135575 /* main.m in Sources */ = {isa = PBXBuildFile; fileRef = A05935151C4FDDC300135575 /* main.m */; };
		A05935191C4FDDC300135575 /* AppDelegate.m in Sources */ = {isa = PBXBuildFile; fileRef = A05935181C4FDDC300135575 /* AppDelegate.m */; };
		A059351C1C4FDDC300135575 /* ViewController.m in Sources */ = {isa = PBXBuildFile; fileRef = A059351B1C4FDDC300135575 /* ViewController.m */; };
		A059351F1C4FDDC300135575 /* Main.storyboard in Resources */ = {isa = PBXBuildFile; fileRef = A059351D1C4FDDC300135575 /* Main.storyboard */; };
		A05935211C4FDDC300135575 /* Assets.xcassets in Resources */ = {isa = PBXBuildFile; fileRef = A05935201C4FDDC300135575 /* Assets.xcassets */; };
		A05935241C4FDDC300135575 /* LaunchScreen.storyboard in Resources */ = {isa = PBXBuildFile; fileRef = A05935221C4FDDC300135575 /* LaunchScreen.storyboard */; };
/* End PBXBuildFile section */

/* Begin PBXFileReference section */
		A05935111C4FDDC300135575 /* MovieApp.app */ = {isa = PBXFileReference; explicitFileType = wrapper.application; includeInIndex = 0; path = MovieApp.app; sourceTree = BUILT_PRODUCTS_DIR; };
		A05935151C4FDDC300135575 /* main.m */ = {isa = PBXFileReference; lastKnownFileType = sourcecode.c.objc; path = main.m; sourceTree = "<group>"; };
		A05935171C4FDDC300135575 /* AppDelegate.h */ = {isa = PBXFileReference; lastKnownFileType = sourcecode.c.h; path = AppDelegate.h; sourceTree = "<group>"; };
		A05935181C4FDDC300135575 /* AppDelegate.m */ = {isa = PBXFileReference; lastKnownFileType = sourcecode.c.objc; path = AppDelegate.m; sourceTree = "<group>"; };
		A059351A1C4FDDC300135575 /* ViewController.h */ = {isa = PBXFileReference; lastKnownFileType = sourcecode.c.h; path = ViewController.h; sourceTree = "<group>"; };
		A059351B1C4FDDC300135575 /* ViewController.m */ = {isa = PBXFileReference; lastKnownFileType = sourcecode.c.objc; path = ViewController.m; sourceTree = "<group>"; };
		A059351E1C4FDDC300135575 /* Base */ = {isa = PBXFileReference; lastKnownFileType = file.storyboard; name = Base; path = Base.lproj/Main.storyboard; sourceTree = "<group>"; };
		A05935201C4FDDC300135575 /* Assets.xcassets */ = {isa = PBXFileReference; lastKnownFileType = folder.assetcatalog; path = Assets.xcassets; sourceTree = "<group>"; };
		A05935231C4FDDC300135575 /* Base */ = {isa = PBXFileReference; lastKnownFileType = file.storyboard; name = Base; path = Base.lproj/LaunchScreen.storyboard; sourceTree = "<group>"; };
		A05935251C4FDDC300135575 /* Info.plist */ = {isa = PBXFileReference; lastKnownFileType = text.plist.xml; path = Info.plist; sourceTree = "<group>"; };
/* End PBXFileReference section */

/* Begin PBXFrameworksBuildPhase section */
		A059350E1C4FDDC300135575 /* Frameworks */ = {
			isa = PBXFrameworksBuildPhase;
			buildActionMask = 2147483647;
			files = (
			);
			runOnlyForDeploymentPostprocessing = 0;
		};
/* End PBXFrameworksBuildPhase section */

/* Begin PBXGroup section */
		A05935081C4FDDC300135575 = {
			isa = PBXGroup;
			children = (
				A05935131C4FDDC300135575 /* MovieApp */,
				A05935121C4FDDC300135575 /* Products */,
			);
			sourceTree = "<group>";
		};
		A05935121C4FDDC300135575 /* Products */ = {
			isa = PBXGroup;
			children = (
				A05935111C4FDDC300135575 /* MovieApp.app */,
			);
			name = Products;
			sourceTree = "<group>";
		};
		A05935131C4FDDC300135575 /* MovieApp */ = {
			isa = PBXGroup;
			children = (
				A05935171C4FDDC300135575 /* AppDelegate.h */,
				A05935181C4FDDC300135575 /* AppDelegate.m */,
				A059351A1C4FDDC300135575 /* ViewController.h */,
				A059351B1C4FDDC300135575 /* ViewController.m */,
				A059351D1C4FDDC300135575 /* Main.storyboard */,
				A05935201C4FDDC300135575 /* Assets.xcassets */,
				A05935221C4FDDC300135575 /* LaunchScreen.storyboard */,
				A05935251C4FDDC300135575 /* Info.plist */,
				A05935141C4FDDC300135575 /* Supporting Files */,
			);
			path = MovieApp;
			sourceTree = "<group>";
		};
		A05935141C4FDDC300135575 /* Supporting Files */ = {
			isa = PBXGroup;
			children = (
				A05935151C4FDDC300135575 /* main.m */,
			);
			name = "Supporting Files";
			sourceTree = "<group>";
		};
/* End PBXGroup section */

/* Begin PBXNativeTarget section */
		A05935101C4FDDC300135575 /* MovieApp */ = {
			isa = PBXNativeTarget;
			buildConfigurationList = A05935281C4FDDC300135575 /* Build configuration list for PBXNativeTarget "MovieApp" */;
			buildPhases = (
				A059350D1C4FDDC300135575 /* Sources */,
				A059350E1C4FDDC300135575 /* Frameworks */,
				A059350F1C4FDDC300135575 /* Resources */,
			);
			buildRules = (
			);
			dependencies = (
			);
			name = MovieApp;
			productName = MovieApp;
			productReference = A05935111C4FDDC300135575 /* MovieApp.app */;
			productType = "com.apple.product-type.application";
		};
/* End PBXNativeTarget section */

/* Begin PBXProject section */
		A05935091C4FDDC300135575 /* Project object */ = {
			isa = PBXProject;
			attributes = {
				LastUpgradeCheck = 0720;
				ORGANIZATIONNAME = "Adis Cehajic";
				TargetAttributes = {
					A05935101C4FDDC300135575 = {
						CreatedOnToolsVersion = 7.2;
					};
				};
			};
			buildConfigurationList = A059350C1C4FDDC300135575 /* Build configuration list for PBXProject "MovieApp" */;
			compatibilityVersion = "Xcode 3.2";
			developmentRegion = English;
			hasScannedForEncodings = 0;
			knownRegions = (
				en,
				Base,
			);
			mainGroup = A05935081C4FDDC300135575;
			productRefGroup = A05935121C4FDDC300135575 /* Products */;
			projectDirPath = "";
			projectRoot = "";
			targets = (
				A05935101C4FDDC300135575 /* MovieApp */,
			);
		};
/* End PBXProject section */

/* Begin PBXResourcesBuildPhase section */
		A059350F1C4FDDC300135575 /* Resources */ = {
			isa = PBXResourcesBuildPhase;
			buildActionMask = 2147483647;
			files = (
				A05935241C4FDDC300135575 /* LaunchScreen.storyboard in Resources */,
				A05935211C4FDDC300135575 /* Assets.xcassets in Resources */,
				A059351F1C4FDDC300135575 /* Main.storyboard in Resources */,
			);
			runOnlyForDeploymentPostprocessing = 0;
		};
/* End PBXResourcesBuildPhase section */

/* Begin PBXSourcesBuildPhase section */
		A059350D1C4FDDC300135575 /* Sources */ = {
			isa = PBXSourcesBuildPhase;
			buildActionMask = 2147483647;
			files = (
				A059351C1C4FDDC300135575 /* ViewController.m in Sources */,
				A05935191C4FDDC300135575 /* AppDelegate.m in Sources */,
				A05935161C4FDDC300135575 /* main.m in Sources */,
			);
			runOnlyForDeploymentPostprocessing = 0;
		};
/* End PBXSourcesBuildPhase section */

/* Begin PBXVariantGroup section */
		A059351D1C4FDDC300135575 /* Main.storyboard */ = {
			isa = PBXVariantGroup;
			children = (
				A059351E1C4FDDC300135575 /* Base */,
			);
			name = Main.storyboard;
			sourceTree = "<group>";
		};
		A05935221C4FDDC300135575 /* LaunchScreen.storyboard */ = {
			isa = PBXVariantGroup;
			children = (
				A05935231C4FDDC300135575 /* Base */,
			);
			name = LaunchScreen.storyboard;
			sourceTree = "<group>";
		};
/* End PBXVariantGroup section */

/* Begin XCBuildConfiguration section */
		A05935261C4FDDC300135575 /* Debug */ = {
			isa = XCBuildConfiguration;
			buildSettings = {
				ALWAYS_SEARCH_USER_PATHS = NO;
				CLANG_CXX_LANGUAGE_STANDARD = "gnu++0x";
				CLANG_CXX_LIBRARY = "libc++";
				CLANG_ENABLE_MODULES = YES;
				CLANG_ENABLE_OBJC_ARC = YES;
				CLANG_WARN_BOOL_CONVERSION = YES;
				CLANG_WARN_CONSTANT_CONVERSION = YES;
				CLANG_WARN_DIRECT_OBJC_ISA_USAGE = YES_ERROR;
				CLANG_WARN_EMPTY_BODY = YES;
				CLANG_WARN_ENUM_CONVERSION = YES;
				CLANG_WARN_INT_CONVERSION = YES;
				CLANG_WARN_OBJC_ROOT_CLASS = YES_ERROR;
				CLANG_WARN_UNREACHABLE_CODE = YES;
				CLANG_WARN__DUPLICATE_METHOD_MATCH = YES;
				"CODE_SIGN_IDENTITY[sdk=iphoneos*]" = "iPhone Developer";
				COPY_PHASE_STRIP = NO;
				DEBUG_INFORMATION_FORMAT = dwarf;
				ENABLE_STRICT_OBJC_MSGSEND = YES;
				ENABLE_TESTABILITY = YES;
				GCC_C_LANGUAGE_STANDARD = gnu99;
				GCC_DYNAMIC_NO_PIC = NO;
				GCC_NO_COMMON_BLOCKS = YES;
				GCC_OPTIMIZATION_LEVEL = 0;
				GCC_PREPROCESSOR_DEFINITIONS = (
					"DEBUG=1",
					"$(inherited)",
				);
				GCC_WARN_64_TO_32_BIT_CONVERSION = YES;
				GCC_WARN_ABOUT_RETURN_TYPE = YES_ERROR;
				GCC_WARN_UNDECLARED_SELECTOR = YES;
				GCC_WARN_UNINITIALIZED_AUTOS = YES_AGGRESSIVE;
				GCC_WARN_UNUSED_FUNCTION = YES;
				GCC_WARN_UNUSED_VARIABLE = YES;
				IPHONEOS_DEPLOYMENT_TARGET = 9.2;
				MTL_ENABLE_DEBUG_INFO = YES;
				ONLY_ACTIVE_ARCH = YES;
				SDKROOT = iphoneos;
			};
			name = Debug;
		};
		A05935271C4FDDC300135575 /* Release */ = {
			isa = XCBuildConfiguration;
			buildSettings = {
				ALWAYS_SEARCH_USER_PATHS = NO;
				CLANG_CXX_LANGUAGE_STANDARD = "gnu++0x";
				CLANG_CXX_LIBRARY = "libc++";
				CLANG_ENABLE_MODULES = YES;
				CLANG_ENABLE_OBJC_ARC = YES;
				CLANG_WARN_BOOL_CONVERSION = YES;
				CLANG_WARN_CONSTANT_CONVERSION = YES;
				CLANG_WARN_DIRECT_OBJC_ISA_USAGE = YES_ERROR;
				CLANG_WARN_EMPTY_BODY = YES;
				CLANG_WARN_ENUM_CONVERSION = YES;
				CLANG_WARN_INT_CONVERSION = YES;
				CLANG_WARN_OBJC_ROOT_CLASS = YES_ERROR;
				CLANG_WARN_UNREACHABLE_CODE = YES;
				CLANG_WARN__DUPLICATE_METHOD_MATCH = YES;
				"CODE_SIGN_IDENTITY[sdk=iphoneos*]" = "iPhone Developer";
				COPY_PHASE_STRIP = NO;
				DEBUG_INFORMATION_FORMAT = "dwarf-with-dsym";
				ENABLE_NS_ASSERTIONS = NO;
				ENABLE_STRICT_OBJC_MSGSEND = YES;
				GCC_C_LANGUAGE_STANDARD = gnu99;
				GCC_NO_COMMON_BLOCKS = YES;
				GCC_WARN_64_TO_32_BIT_CONVERSION = YES;
				GCC_WARN_ABOUT_RETURN_TYPE = YES_ERROR;
				GCC_WARN_UNDECLARED_SELECTOR = YES;
				GCC_WARN_UNINITIALIZED_AUTOS = YES_AGGRESSIVE;
				GCC_WARN_UNUSED_FUNCTION = YES;
				GCC_WARN_UNUSED_VARIABLE = YES;
				IPHONEOS_DEPLOYMENT_TARGET = 9.2;
				MTL_ENABLE_DEBUG_INFO = NO;
				SDKROOT = iphoneos;
				VALIDATE_PRODUCT = YES;
			};
			name = Release;
		};
		A05935291C4FDDC300135575 /* Debug */ = {
			isa = XCBuildConfiguration;
			buildSettings = {
				ASSETCATALOG_COMPILER_APPICON_NAME = AppIcon;
				INFOPLIST_FILE = MovieApp/Info.plist;
				LD_RUNPATH_SEARCH_PATHS = "$(inherited) @executable_path/Frameworks";
				PRODUCT_BUNDLE_IDENTIFIER = com.adiscehajic.MovieApp;
				PRODUCT_NAME = "$(TARGET_NAME)";
			};
			name = Debug;
		};
		A059352A1C4FDDC300135575 /* Release */ = {
			isa = XCBuildConfiguration;
			buildSettings = {
				ASSETCATALOG_COMPILER_APPICON_NAME = AppIcon;
				INFOPLIST_FILE = MovieApp/Info.plist;
				LD_RUNPATH_SEARCH_PATHS = "$(inherited) @executable_path/Frameworks";
				PRODUCT_BUNDLE_IDENTIFIER = com.adiscehajic.MovieApp;
				PRODUCT_NAME = "$(TARGET_NAME)";
			};
			name = Release;
		};
/* End XCBuildConfiguration section */

/* Begin XCConfigurationList section */
		A059350C1C4FDDC300135575 /* Build configuration list for PBXProject "MovieApp" */ = {
			isa = XCConfigurationList;
			buildConfigurations = (
				A05935261C4FDDC300135575 /* Debug */,
				A05935271C4FDDC300135575 /* Release */,
			);
			defaultConfigurationIsVisible = 0;
			defaultConfigurationName = Release;
		};
		A05935281C4FDDC300135575 /* Build configuration list for PBXNativeTarget "MovieApp" */ = {
			isa = XCConfigurationList;
			buildConfigurations = (
				A05935291C4FDDC300135575 /* Debug */,
				A059352A1C4FDDC300135575 /* Release */,
			);
			defaultConfigurationIsVisible = 0;
		};
/* End XCConfigurationList section */
	};
	rootObject = A05935091C4FDDC300135575 /* Project object */;
}
